version: '1.0'
image: kizro/deepresearch@sha256:f81583fdd18db600cfcc378ee4cf9701d5ca4946af7f9672d5a3c98ca185af9e
build:
  generatedAt: '2025-09-20T00:32:46.102622Z'
  hudVersion: 0.4.30
  directory: deepresearch
  version: 0.1.33
environment:
  initializeMs: 1776
  toolCount: 5
tools:
- name: search
  description: "Search the web for information and return titles and URLs using Exa\
    \ API.\n\nArgs:\n    query: The search query string\n\nReturns:\n    List of dictionaries\
    \ containing 'title' and 'url' for each result"
  inputSchema:
    properties:
      query:
        title: Query
        type: string
    required:
    - query
    type: object
- name: fetch
  description: "Fetch and extract content from a URL using Exa API, including summary,\
    \ highlights, and full text.\n\nArgs:\n    url: The URL to fetch content from\n\
    \nReturns:\n    Formatted content including:\n    - Summary with main takeaways\n\
    \    - 3 key highlights (5 sentences each)\n    - Full text content (truncated\
    \ to 2500 characters)"
  inputSchema:
    properties:
      url:
        title: Url
        type: string
    required:
    - url
    type: object
- name: answer
  description: "Submit the final answer to the research question.\n\nArgs:\n    final_answer:\
    \ The agent's final answer to the task\n\nReturns:\n    Confirmation message"
  inputSchema:
    properties:
      final_answer:
        title: Final Answer
        type: string
    required:
    - final_answer
    type: object
- name: setup
  description: Required for HUD environments. Initialize for a new task.
  inputSchema:
    properties: {}
    type: object
- name: evaluate
  description: "Required for HUD environments. Evaluates if the submitted answer contains\
    \ the expected answer.\n\nArgs:\n    expected_answer: The correct answer to check\
    \ against\n\nReturns:\n    Evaluation result with reward and content string"
  inputSchema:
    properties:
      expected_answer:
        title: Expected Answer
        type: string
    required:
    - expected_answer
    type: object
push:
  source: deepresearch:dev@sha256:d31d1536083fda0c761545163559c9abd13defb38dfd4f6086f69da95daf1efb
  pushedAt: '2025-09-20T00:35:22.678525Z'
  registry: kizro
